
Microsoft Visual Studio Solution File, Format Version 12.00
# Visual Studio Version 16
VisualStudioVersion = 16.0.30225.117
MinimumVisualStudioVersion = 10.0.40219.1
Project("{9A19103F-16F7-4668-BE54-9A1E7A4F7556}") = "SportsStore", "SportsStore\SportsStore.csproj", "{931128BD-D04F-403E-B736-84C4822A2ACC}"
EndProject
Project("{9A19103F-16F7-4668-BE54-9A1E7A4F7556}") = "SportsStore.Tests", "SportsStore.Tests\SportsStore.Tests.csproj", "{D810AB0E-F27B-413F-9EFC-88E1A06CFEA2}"
EndProject
Project("{9A19103F-16F7-4668-BE54-9A1E7A4F7556}") = "Platform", "Platform\Platform.csproj", "{02E745AF-C6F7-4D83-B7D4-11F259362D5A}"
EndProject
Project("{9A19103F-16F7-4668-BE54-9A1E7A4F7556}") = "WebApp", "WebApp\WebApp.csproj", "{773C4F93-0EE4-45D1-9FF0-A2A9E883B58F}"
EndProject
Global
	GlobalSection(SolutionConfigurationPlatforms) = preSolution
		Debug|Any CPU = Debug|Any CPU
		Release|Any CPU = Release|Any CPU
	EndGlobalSection
	GlobalSection(ProjectConfigurationPlatforms) = postSolution
		{931128BD-D04F-403E-B736-84C4822A2ACC}.Debug|Any CPU.ActiveCfg = Debug|Any CPU
		{931128BD-D04F-403E-B736-84C4822A2ACC}.Debug|Any CPU.Build.0 = Debug|Any CPU
		{931128BD-D04F-403E-B736-84C4822A2ACC}.Release|Any CPU.ActiveCfg = Release|Any CPU
		{931128BD-D04F-403E-B736-84C4822A2ACC}.Release|Any CPU.Build.0 = Release|Any CPU
		{D810AB0E-F27B-413F-9EFC-88E1A06CFEA2}.Debug|Any CPU.ActiveCfg = Debug|Any CPU
		{D810AB0E-F27B-413F-9EFC-88E1A06CFEA2}.Debug|Any CPU.Build.0 = Debug|Any CPU
		{D810AB0E-F27B-413F-9EFC-88E1A06CFEA2}.Release|Any CPU.ActiveCfg = Release|Any CPU
		{D810AB0E-F27B-413F-9EFC-88E1A06CFEA2}.Release|Any CPU.Build.0 = Release|Any CPU
		{02E745AF-C6F7-4D83-B7D4-11F259362D5A}.Debug|Any CPU.ActiveCfg = Debug|Any CPU
		{02E745AF-C6F7-4D83-B7D4-11F259362D5A}.Debug|Any CPU.Build.0 = Debug|Any CPU
		{02E745AF-C6F7-4D83-B7D4-11F259362D5A}.Release|Any CPU.ActiveCfg = Release|Any CPU
		{02E745AF-C6F7-4D83-B7D4-11F259362D5A}.Release|Any CPU.Build.0 = Release|Any CPU
		{773C4F93-0EE4-45D1-9FF0-A2A9E883B58F}.Debug|Any CPU.ActiveCfg = Debug|Any CPU
		{773C4F93-0EE4-45D1-9FF0-A2A9E883B58F}.Debug|Any CPU.Build.0 = Debug|Any CPU
		{773C4F93-0EE4-45D1-9FF0-A2A9E883B58F}.Release|Any CPU.ActiveCfg = Release|Any CPU
		{773C4F93-0EE4-45D1-9FF0-A2A9E883B58F}.Release|Any CPU.Build.0 = Release|Any CPU
	EndGlobalSection
	GlobalSection(SolutionProperties) = preSolution
		HideSolutionNode = FALSE
	EndGlobalSection
	GlobalSection(ExtensibilityGlobals) = postSolution
		SolutionGuid = {08AA0E75-8FB4-4CB7-B7AD-5F9AC5620ABB}
	EndGlobalSection
EndGlobal
